
Microsoft Visual Studio Solution File, Format Version 12.00
# Visual Studio 2012
Project("{FAE04EC0-301F-11D3-BF4B-00C04F79EFBC}") = "LibraryManager.Views", "LibraryManager\LibraryManager.Views.csproj", "{3DBEE7C1-5D9D-412B-95F0-9282B0332522}"
EndProject
Project("{FAE04EC0-301F-11D3-BF4B-00C04F79EFBC}") = "LibraryManager.Common", "LibraryManager.Common\LibraryManager.Common.csproj", "{A83B6E0A-7555-4766-8347-BDA97EAE6089}"
EndProject
Project("{FAE04EC0-301F-11D3-BF4B-00C04F79EFBC}") = "RFP.Views", "RFP.Views\RFP.Views.csproj", "{1BE23FD5-F920-4150-BCD8-DE1863A7FDEB}"
EndProject
Project("{FAE04EC0-301F-11D3-BF4B-00C04F79EFBC}") = "RFP.Core", "RFP.Core\RFP.Core.csproj", "{EFC0343F-9978-42F4-874C-09596EB98DFA}"
EndProject
Project("{FAE04EC0-301F-11D3-BF4B-00C04F79EFBC}") = "RFP.Data", "RFP.Data\RFP.Data.csproj", "{C118305C-9966-4E51-B2BB-F3DC88A75A85}"
EndProject
Project("{FAE04EC0-301F-11D3-BF4B-00C04F79EFBC}") = "RFP.Models", "RFP.Models\RFP.Models.csproj", "{DF72C3C7-0E39-4B8F-97C5-61DF4E4DB431}"
EndProject
Project("{6141683F-8A12-4E36-9623-2EB02B2C2303}") = "RFPInstaller", "RFPInstaller\RFPInstaller.isproj", "{2C9C0919-1FAC-4E8D-AB90-F4FF0A969229}"
EndProject
Project("{6141683F-8A12-4E36-9623-2EB02B2C2303}") = "Installer.LibraryManagerClient", "LibraryManagerClient.Installer\Installer.LibraryManagerClient.isproj", "{FB8746AA-E6FF-43F2-92F4-39648DC16A19}"
	ProjectSection(ProjectDependencies) = postProject
		{65BFE906-C703-4CA2-9E00-4F53B26EF071} = {65BFE906-C703-4CA2-9E00-4F53B26EF071}
		{A83B6E0A-7555-4766-8347-BDA97EAE6089} = {A83B6E0A-7555-4766-8347-BDA97EAE6089}
		{4A18442B-1414-487E-9EC8-5919C3259ED9} = {4A18442B-1414-487E-9EC8-5919C3259ED9}
		{3DBEE7C1-5D9D-412B-95F0-9282B0332522} = {3DBEE7C1-5D9D-412B-95F0-9282B0332522}
		{FC1E91E4-0B33-4314-BE9D-147EBEA58BFB} = {FC1E91E4-0B33-4314-BE9D-147EBEA58BFB}
	EndProjectSection
EndProject
Project("{FAE04EC0-301F-11D3-BF4B-00C04F79EFBC}") = "LibraryManager.Core", "LibraryManager.Core\LibraryManager.Core.csproj", "{65BFE906-C703-4CA2-9E00-4F53B26EF071}"
EndProject
Project("{FAE04EC0-301F-11D3-BF4B-00C04F79EFBC}") = "LibraryManager.Data", "LibraryManager.Data\LibraryManager.Data.csproj", "{FC1E91E4-0B33-4314-BE9D-147EBEA58BFB}"
EndProject
Project("{FAE04EC0-301F-11D3-BF4B-00C04F79EFBC}") = "LibraryManager.Models", "LibraryManager.Models\LibraryManager.Models.csproj", "{4A18442B-1414-487E-9EC8-5919C3259ED9}"
EndProject
Project("{2150E333-8FDC-42A3-9474-1A3956D46DE8}") = ".nuget", ".nuget", "{924EBB5C-C4E2-4C27-AE90-446381E5DA8D}"
	ProjectSection(SolutionItems) = preProject
		.nuget\NuGet.Config = .nuget\NuGet.Config
		.nuget\NuGet.exe = .nuget\NuGet.exe
		.nuget\NuGet.targets = .nuget\NuGet.targets
	EndProjectSection
EndProject
Project("{FAE04EC0-301F-11D3-BF4B-00C04F79EFBC}") = "LibraryManager.Views.AddEditProposalContent", "LibraryManager.AddEditProposalContent\LibraryManager.Views.AddEditProposalContent.csproj", "{942929DD-FA0B-4CEB-97DE-D2B061A4E000}"
EndProject
Project("{6141683F-8A12-4E36-9623-2EB02B2C2303}") = "Installer.AddEditProposalContent", "AddEditProposalContent\Installer.AddEditProposalContent.isproj", "{5E6F7AB7-7A4C-46B1-AB73-DC42D380544C}"
	ProjectSection(ProjectDependencies) = postProject
		{65BFE906-C703-4CA2-9E00-4F53B26EF071} = {65BFE906-C703-4CA2-9E00-4F53B26EF071}
		{A83B6E0A-7555-4766-8347-BDA97EAE6089} = {A83B6E0A-7555-4766-8347-BDA97EAE6089}
		{4A18442B-1414-487E-9EC8-5919C3259ED9} = {4A18442B-1414-487E-9EC8-5919C3259ED9}
		{942929DD-FA0B-4CEB-97DE-D2B061A4E000} = {942929DD-FA0B-4CEB-97DE-D2B061A4E000}
		{FC1E91E4-0B33-4314-BE9D-147EBEA58BFB} = {FC1E91E4-0B33-4314-BE9D-147EBEA58BFB}
	EndProjectSection
EndProject
Global
	GlobalSection(SolutionConfigurationPlatforms) = preSolution
		CD_ROM|Any CPU = CD_ROM|Any CPU
		Debug|Any CPU = Debug|Any CPU
		DVD-5|Any CPU = DVD-5|Any CPU
		Release|Any CPU = Release|Any CPU
		SingleImage|Any CPU = SingleImage|Any CPU
	EndGlobalSection
	GlobalSection(ProjectConfigurationPlatforms) = postSolution
		{3DBEE7C1-5D9D-412B-95F0-9282B0332522}.CD_ROM|Any CPU.ActiveCfg = Release|Any CPU
		{3DBEE7C1-5D9D-412B-95F0-9282B0332522}.CD_ROM|Any CPU.Build.0 = Release|Any CPU
		{3DBEE7C1-5D9D-412B-95F0-9282B0332522}.Debug|Any CPU.ActiveCfg = Debug|Any CPU
		{3DBEE7C1-5D9D-412B-95F0-9282B0332522}.Debug|Any CPU.Build.0 = Debug|Any CPU
		{3DBEE7C1-5D9D-412B-95F0-9282B0332522}.DVD-5|Any CPU.ActiveCfg = Debug|Any CPU
		{3DBEE7C1-5D9D-412B-95F0-9282B0332522}.DVD-5|Any CPU.Build.0 = Debug|Any CPU
		{3DBEE7C1-5D9D-412B-95F0-9282B0332522}.Release|Any CPU.ActiveCfg = Release|Any CPU
		{3DBEE7C1-5D9D-412B-95F0-9282B0332522}.Release|Any CPU.Build.0 = Release|Any CPU
		{3DBEE7C1-5D9D-412B-95F0-9282B0332522}.SingleImage|Any CPU.ActiveCfg = Release|Any CPU
		{3DBEE7C1-5D9D-412B-95F0-9282B0332522}.SingleImage|Any CPU.Build.0 = Release|Any CPU
		{A83B6E0A-7555-4766-8347-BDA97EAE6089}.CD_ROM|Any CPU.ActiveCfg = Release|Any CPU
		{A83B6E0A-7555-4766-8347-BDA97EAE6089}.CD_ROM|Any CPU.Build.0 = Release|Any CPU
		{A83B6E0A-7555-4766-8347-BDA97EAE6089}.Debug|Any CPU.ActiveCfg = Debug|Any CPU
		{A83B6E0A-7555-4766-8347-BDA97EAE6089}.Debug|Any CPU.Build.0 = Debug|Any CPU
		{A83B6E0A-7555-4766-8347-BDA97EAE6089}.DVD-5|Any CPU.ActiveCfg = Debug|Any CPU
		{A83B6E0A-7555-4766-8347-BDA97EAE6089}.DVD-5|Any CPU.Build.0 = Debug|Any CPU
		{A83B6E0A-7555-4766-8347-BDA97EAE6089}.Release|Any CPU.ActiveCfg = Release|Any CPU
		{A83B6E0A-7555-4766-8347-BDA97EAE6089}.Release|Any CPU.Build.0 = Release|Any CPU
		{A83B6E0A-7555-4766-8347-BDA97EAE6089}.SingleImage|Any CPU.ActiveCfg = Release|Any CPU
		{A83B6E0A-7555-4766-8347-BDA97EAE6089}.SingleImage|Any CPU.Build.0 = Release|Any CPU
		{1BE23FD5-F920-4150-BCD8-DE1863A7FDEB}.CD_ROM|Any CPU.ActiveCfg = Release|Any CPU
		{1BE23FD5-F920-4150-BCD8-DE1863A7FDEB}.CD_ROM|Any CPU.Build.0 = Release|Any CPU
		{1BE23FD5-F920-4150-BCD8-DE1863A7FDEB}.Debug|Any CPU.ActiveCfg = Debug|Any CPU
		{1BE23FD5-F920-4150-BCD8-DE1863A7FDEB}.Debug|Any CPU.Build.0 = Debug|Any CPU
		{1BE23FD5-F920-4150-BCD8-DE1863A7FDEB}.DVD-5|Any CPU.ActiveCfg = Debug|Any CPU
		{1BE23FD5-F920-4150-BCD8-DE1863A7FDEB}.DVD-5|Any CPU.Build.0 = Debug|Any CPU
		{1BE23FD5-F920-4150-BCD8-DE1863A7FDEB}.Release|Any CPU.ActiveCfg = Release|Any CPU
		{1BE23FD5-F920-4150-BCD8-DE1863A7FDEB}.Release|Any CPU.Build.0 = Release|Any CPU
		{1BE23FD5-F920-4150-BCD8-DE1863A7FDEB}.SingleImage|Any CPU.ActiveCfg = Release|Any CPU
		{1BE23FD5-F920-4150-BCD8-DE1863A7FDEB}.SingleImage|Any CPU.Build.0 = Release|Any CPU
		{EFC0343F-9978-42F4-874C-09596EB98DFA}.CD_ROM|Any CPU.ActiveCfg = Release|Any CPU
		{EFC0343F-9978-42F4-874C-09596EB98DFA}.CD_ROM|Any CPU.Build.0 = Release|Any CPU
		{EFC0343F-9978-42F4-874C-09596EB98DFA}.Debug|Any CPU.ActiveCfg = Debug|Any CPU
		{EFC0343F-9978-42F4-874C-09596EB98DFA}.Debug|Any CPU.Build.0 = Debug|Any CPU
		{EFC0343F-9978-42F4-874C-09596EB98DFA}.DVD-5|Any CPU.ActiveCfg = Debug|Any CPU
		{EFC0343F-9978-42F4-874C-09596EB98DFA}.DVD-5|Any CPU.Build.0 = Debug|Any CPU
		{EFC0343F-9978-42F4-874C-09596EB98DFA}.Release|Any CPU.ActiveCfg = Release|Any CPU
		{EFC0343F-9978-42F4-874C-09596EB98DFA}.Release|Any CPU.Build.0 = Release|Any CPU
		{EFC0343F-9978-42F4-874C-09596EB98DFA}.SingleImage|Any CPU.ActiveCfg = Release|Any CPU
		{EFC0343F-9978-42F4-874C-09596EB98DFA}.SingleImage|Any CPU.Build.0 = Release|Any CPU
		{C118305C-9966-4E51-B2BB-F3DC88A75A85}.CD_ROM|Any CPU.ActiveCfg = Release|Any CPU
		{C118305C-9966-4E51-B2BB-F3DC88A75A85}.CD_ROM|Any CPU.Build.0 = Release|Any CPU
		{C118305C-9966-4E51-B2BB-F3DC88A75A85}.Debug|Any CPU.ActiveCfg = Debug|Any CPU
		{C118305C-9966-4E51-B2BB-F3DC88A75A85}.Debug|Any CPU.Build.0 = Debug|Any CPU
		{C118305C-9966-4E51-B2BB-F3DC88A75A85}.DVD-5|Any CPU.ActiveCfg = Debug|Any CPU
		{C118305C-9966-4E51-B2BB-F3DC88A75A85}.DVD-5|Any CPU.Build.0 = Debug|Any CPU
		{C118305C-9966-4E51-B2BB-F3DC88A75A85}.Release|Any CPU.ActiveCfg = Release|Any CPU
		{C118305C-9966-4E51-B2BB-F3DC88A75A85}.Release|Any CPU.Build.0 = Release|Any CPU
		{C118305C-9966-4E51-B2BB-F3DC88A75A85}.SingleImage|Any CPU.ActiveCfg = Release|Any CPU
		{C118305C-9966-4E51-B2BB-F3DC88A75A85}.SingleImage|Any CPU.Build.0 = Release|Any CPU
		{DF72C3C7-0E39-4B8F-97C5-61DF4E4DB431}.CD_ROM|Any CPU.ActiveCfg = Release|Any CPU
		{DF72C3C7-0E39-4B8F-97C5-61DF4E4DB431}.CD_ROM|Any CPU.Build.0 = Release|Any CPU
		{DF72C3C7-0E39-4B8F-97C5-61DF4E4DB431}.Debug|Any CPU.ActiveCfg = Debug|Any CPU
		{DF72C3C7-0E39-4B8F-97C5-61DF4E4DB431}.Debug|Any CPU.Build.0 = Debug|Any CPU
		{DF72C3C7-0E39-4B8F-97C5-61DF4E4DB431}.DVD-5|Any CPU.ActiveCfg = Debug|Any CPU
		{DF72C3C7-0E39-4B8F-97C5-61DF4E4DB431}.DVD-5|Any CPU.Build.0 = Debug|Any CPU
		{DF72C3C7-0E39-4B8F-97C5-61DF4E4DB431}.Release|Any CPU.ActiveCfg = Release|Any CPU
		{DF72C3C7-0E39-4B8F-97C5-61DF4E4DB431}.Release|Any CPU.Build.0 = Release|Any CPU
		{DF72C3C7-0E39-4B8F-97C5-61DF4E4DB431}.SingleImage|Any CPU.ActiveCfg = Release|Any CPU
		{DF72C3C7-0E39-4B8F-97C5-61DF4E4DB431}.SingleImage|Any CPU.Build.0 = Release|Any CPU
		{2C9C0919-1FAC-4E8D-AB90-F4FF0A969229}.CD_ROM|Any CPU.ActiveCfg = CD_ROM
		{2C9C0919-1FAC-4E8D-AB90-F4FF0A969229}.CD_ROM|Any CPU.Build.0 = CD_ROM
		{2C9C0919-1FAC-4E8D-AB90-F4FF0A969229}.Debug|Any CPU.ActiveCfg = DVD-5
		{2C9C0919-1FAC-4E8D-AB90-F4FF0A969229}.Debug|Any CPU.Build.0 = DVD-5
		{2C9C0919-1FAC-4E8D-AB90-F4FF0A969229}.DVD-5|Any CPU.ActiveCfg = DVD-5
		{2C9C0919-1FAC-4E8D-AB90-F4FF0A969229}.DVD-5|Any CPU.Build.0 = DVD-5
		{2C9C0919-1FAC-4E8D-AB90-F4FF0A969229}.Release|Any CPU.ActiveCfg = SingleImage
		{2C9C0919-1FAC-4E8D-AB90-F4FF0A969229}.Release|Any CPU.Build.0 = SingleImage
		{2C9C0919-1FAC-4E8D-AB90-F4FF0A969229}.SingleImage|Any CPU.ActiveCfg = SingleImage
		{2C9C0919-1FAC-4E8D-AB90-F4FF0A969229}.SingleImage|Any CPU.Build.0 = SingleImage
		{FB8746AA-E6FF-43F2-92F4-39648DC16A19}.CD_ROM|Any CPU.ActiveCfg = CD_ROM
		{FB8746AA-E6FF-43F2-92F4-39648DC16A19}.CD_ROM|Any CPU.Build.0 = CD_ROM
		{FB8746AA-E6FF-43F2-92F4-39648DC16A19}.Debug|Any CPU.ActiveCfg = DVD-5
		{FB8746AA-E6FF-43F2-92F4-39648DC16A19}.Debug|Any CPU.Build.0 = DVD-5
		{FB8746AA-E6FF-43F2-92F4-39648DC16A19}.DVD-5|Any CPU.ActiveCfg = DVD-5
		{FB8746AA-E6FF-43F2-92F4-39648DC16A19}.DVD-5|Any CPU.Build.0 = DVD-5
		{FB8746AA-E6FF-43F2-92F4-39648DC16A19}.Release|Any CPU.ActiveCfg = SingleImage
		{FB8746AA-E6FF-43F2-92F4-39648DC16A19}.Release|Any CPU.Build.0 = SingleImage
		{FB8746AA-E6FF-43F2-92F4-39648DC16A19}.SingleImage|Any CPU.ActiveCfg = SingleImage
		{FB8746AA-E6FF-43F2-92F4-39648DC16A19}.SingleImage|Any CPU.Build.0 = SingleImage
		{65BFE906-C703-4CA2-9E00-4F53B26EF071}.CD_ROM|Any CPU.ActiveCfg = Release|Any CPU
		{65BFE906-C703-4CA2-9E00-4F53B26EF071}.CD_ROM|Any CPU.Build.0 = Release|Any CPU
		{65BFE906-C703-4CA2-9E00-4F53B26EF071}.Debug|Any CPU.ActiveCfg = Debug|Any CPU
		{65BFE906-C703-4CA2-9E00-4F53B26EF071}.Debug|Any CPU.Build.0 = Debug|Any CPU
		{65BFE906-C703-4CA2-9E00-4F53B26EF071}.DVD-5|Any CPU.ActiveCfg = Debug|Any CPU
		{65BFE906-C703-4CA2-9E00-4F53B26EF071}.DVD-5|Any CPU.Build.0 = Debug|Any CPU
		{65BFE906-C703-4CA2-9E00-4F53B26EF071}.Release|Any CPU.ActiveCfg = Release|Any CPU
		{65BFE906-C703-4CA2-9E00-4F53B26EF071}.Release|Any CPU.Build.0 = Release|Any CPU
		{65BFE906-C703-4CA2-9E00-4F53B26EF071}.SingleImage|Any CPU.ActiveCfg = Release|Any CPU
		{65BFE906-C703-4CA2-9E00-4F53B26EF071}.SingleImage|Any CPU.Build.0 = Release|Any CPU
		{FC1E91E4-0B33-4314-BE9D-147EBEA58BFB}.CD_ROM|Any CPU.ActiveCfg = Release|Any CPU
		{FC1E91E4-0B33-4314-BE9D-147EBEA58BFB}.CD_ROM|Any CPU.Build.0 = Release|Any CPU
		{FC1E91E4-0B33-4314-BE9D-147EBEA58BFB}.Debug|Any CPU.ActiveCfg = Debug|Any CPU
		{FC1E91E4-0B33-4314-BE9D-147EBEA58BFB}.Debug|Any CPU.Build.0 = Debug|Any CPU
		{FC1E91E4-0B33-4314-BE9D-147EBEA58BFB}.DVD-5|Any CPU.ActiveCfg = Debug|Any CPU
		{FC1E91E4-0B33-4314-BE9D-147EBEA58BFB}.DVD-5|Any CPU.Build.0 = Debug|Any CPU
		{FC1E91E4-0B33-4314-BE9D-147EBEA58BFB}.Release|Any CPU.ActiveCfg = Release|Any CPU
		{FC1E91E4-0B33-4314-BE9D-147EBEA58BFB}.Release|Any CPU.Build.0 = Release|Any CPU
		{FC1E91E4-0B33-4314-BE9D-147EBEA58BFB}.SingleImage|Any CPU.ActiveCfg = Release|Any CPU
		{FC1E91E4-0B33-4314-BE9D-147EBEA58BFB}.SingleImage|Any CPU.Build.0 = Release|Any CPU
		{4A18442B-1414-487E-9EC8-5919C3259ED9}.CD_ROM|Any CPU.ActiveCfg = Release|Any CPU
		{4A18442B-1414-487E-9EC8-5919C3259ED9}.CD_ROM|Any CPU.Build.0 = Release|Any CPU
		{4A18442B-1414-487E-9EC8-5919C3259ED9}.Debug|Any CPU.ActiveCfg = Debug|Any CPU
		{4A18442B-1414-487E-9EC8-5919C3259ED9}.Debug|Any CPU.Build.0 = Debug|Any CPU
		{4A18442B-1414-487E-9EC8-5919C3259ED9}.DVD-5|Any CPU.ActiveCfg = Debug|Any CPU
		{4A18442B-1414-487E-9EC8-5919C3259ED9}.DVD-5|Any CPU.Build.0 = Debug|Any CPU
		{4A18442B-1414-487E-9EC8-5919C3259ED9}.Release|Any CPU.ActiveCfg = Release|Any CPU
		{4A18442B-1414-487E-9EC8-5919C3259ED9}.Release|Any CPU.Build.0 = Release|Any CPU
		{4A18442B-1414-487E-9EC8-5919C3259ED9}.SingleImage|Any CPU.ActiveCfg = Release|Any CPU
		{4A18442B-1414-487E-9EC8-5919C3259ED9}.SingleImage|Any CPU.Build.0 = Release|Any CPU
		{942929DD-FA0B-4CEB-97DE-D2B061A4E000}.CD_ROM|Any CPU.ActiveCfg = Release|Any CPU
		{942929DD-FA0B-4CEB-97DE-D2B061A4E000}.CD_ROM|Any CPU.Build.0 = Release|Any CPU
		{942929DD-FA0B-4CEB-97DE-D2B061A4E000}.Debug|Any CPU.ActiveCfg = Debug|Any CPU
		{942929DD-FA0B-4CEB-97DE-D2B061A4E000}.Debug|Any CPU.Build.0 = Debug|Any CPU
		{942929DD-FA0B-4CEB-97DE-D2B061A4E000}.DVD-5|Any CPU.ActiveCfg = Debug|Any CPU
		{942929DD-FA0B-4CEB-97DE-D2B061A4E000}.DVD-5|Any CPU.Build.0 = Debug|Any CPU
		{942929DD-FA0B-4CEB-97DE-D2B061A4E000}.Release|Any CPU.ActiveCfg = Release|Any CPU
		{942929DD-FA0B-4CEB-97DE-D2B061A4E000}.Release|Any CPU.Build.0 = Release|Any CPU
		{942929DD-FA0B-4CEB-97DE-D2B061A4E000}.SingleImage|Any CPU.ActiveCfg = Release|Any CPU
		{942929DD-FA0B-4CEB-97DE-D2B061A4E000}.SingleImage|Any CPU.Build.0 = Release|Any CPU
		{5E6F7AB7-7A4C-46B1-AB73-DC42D380544C}.CD_ROM|Any CPU.ActiveCfg = CD_ROM
		{5E6F7AB7-7A4C-46B1-AB73-DC42D380544C}.CD_ROM|Any CPU.Build.0 = CD_ROM
		{5E6F7AB7-7A4C-46B1-AB73-DC42D380544C}.Debug|Any CPU.ActiveCfg = DVD-5
		{5E6F7AB7-7A4C-46B1-AB73-DC42D380544C}.Debug|Any CPU.Build.0 = DVD-5
		{5E6F7AB7-7A4C-46B1-AB73-DC42D380544C}.DVD-5|Any CPU.ActiveCfg = DVD-5
		{5E6F7AB7-7A4C-46B1-AB73-DC42D380544C}.DVD-5|Any CPU.Build.0 = DVD-5
		{5E6F7AB7-7A4C-46B1-AB73-DC42D380544C}.Release|Any CPU.ActiveCfg = SingleImage
		{5E6F7AB7-7A4C-46B1-AB73-DC42D380544C}.Release|Any CPU.Build.0 = SingleImage
		{5E6F7AB7-7A4C-46B1-AB73-DC42D380544C}.SingleImage|Any CPU.ActiveCfg = SingleImage
		{5E6F7AB7-7A4C-46B1-AB73-DC42D380544C}.SingleImage|Any CPU.Build.0 = SingleImage
	EndGlobalSection
	GlobalSection(SolutionProperties) = preSolution
		HideSolutionNode = FALSE
	EndGlobalSection
EndGlobal
